// !$*UTF8*$!
{
	archiveVersion = 1;
	classes = {
	};
	objectVersion = 56;
	objects = {

/* Begin PBXBuildFile section */
		897E4D16299BC31100BEA768 /* TouchdownApp.swift in Sources */ = {isa = PBXBuildFile; fileRef = 897E4D15299BC31100BEA768 /* TouchdownApp.swift */; };
		897E4D18299BC31100BEA768 /* ContentView.swift in Sources */ = {isa = PBXBuildFile; fileRef = 897E4D17299BC31100BEA768 /* ContentView.swift */; };
		897E4D1A299BC31200BEA768 /* Assets.xcassets in Resources */ = {isa = PBXBuildFile; fileRef = 897E4D19299BC31200BEA768 /* Assets.xcassets */; };
		897E4D1D299BC31200BEA768 /* Preview Assets.xcassets in Resources */ = {isa = PBXBuildFile; fileRef = 897E4D1C299BC31200BEA768 /* Preview Assets.xcassets */; };
		897E4D27299BC4BD00BEA768 /* player.json in Resources */ = {isa = PBXBuildFile; fileRef = 897E4D23299BC4BD00BEA768 /* player.json */; };
		897E4D28299BC4BD00BEA768 /* product.json in Resources */ = {isa = PBXBuildFile; fileRef = 897E4D24299BC4BD00BEA768 /* product.json */; };
		897E4D29299BC4BD00BEA768 /* brand.json in Resources */ = {isa = PBXBuildFile; fileRef = 897E4D25299BC4BD00BEA768 /* brand.json */; };
		897E4D2A299BC4BD00BEA768 /* category.json in Resources */ = {isa = PBXBuildFile; fileRef = 897E4D26299BC4BD00BEA768 /* category.json */; };
		897E4D35299BC5F400BEA768 /* Constant.swift in Sources */ = {isa = PBXBuildFile; fileRef = 897E4D34299BC5F400BEA768 /* Constant.swift */; };
		897E4D37299BC66E00BEA768 /* FooterView.swift in Sources */ = {isa = PBXBuildFile; fileRef = 897E4D36299BC66E00BEA768 /* FooterView.swift */; };
		897E4D39299BC82E00BEA768 /* NavigationBarView.swift in Sources */ = {isa = PBXBuildFile; fileRef = 897E4D38299BC82E00BEA768 /* NavigationBarView.swift */; };
		897E4D3B299BC96D00BEA768 /* LogoView.swift in Sources */ = {isa = PBXBuildFile; fileRef = 897E4D3A299BC96D00BEA768 /* LogoView.swift */; };
		897E4D3D299BCEE800BEA768 /* PlayerModel.swift in Sources */ = {isa = PBXBuildFile; fileRef = 897E4D3C299BCEE800BEA768 /* PlayerModel.swift */; };
		897E4D3F299BCF7300BEA768 /* CodableBundleExtension.swift in Sources */ = {isa = PBXBuildFile; fileRef = 897E4D3E299BCF7300BEA768 /* CodableBundleExtension.swift */; };
		897E4D41299BD07700BEA768 /* FeaturedItemView.swift in Sources */ = {isa = PBXBuildFile; fileRef = 897E4D40299BD07700BEA768 /* FeaturedItemView.swift */; };
		897E4D43299BD0EA00BEA768 /* FeaturedTabView.swift in Sources */ = {isa = PBXBuildFile; fileRef = 897E4D42299BD0EA00BEA768 /* FeaturedTabView.swift */; };
		897E4D45299BD63900BEA768 /* CategoryModel.swift in Sources */ = {isa = PBXBuildFile; fileRef = 897E4D44299BD63900BEA768 /* CategoryModel.swift */; };
		897E4D47299BD6FB00BEA768 /* CategoryItemView.swift in Sources */ = {isa = PBXBuildFile; fileRef = 897E4D46299BD6FB00BEA768 /* CategoryItemView.swift */; };
		897E4D49299BD84100BEA768 /* CategoryGridView.swift in Sources */ = {isa = PBXBuildFile; fileRef = 897E4D48299BD84100BEA768 /* CategoryGridView.swift */; };
		897E4D4B299BD93B00BEA768 /* SectionView.swift in Sources */ = {isa = PBXBuildFile; fileRef = 897E4D4A299BD93B00BEA768 /* SectionView.swift */; };
		897E4D4D299BDD5F00BEA768 /* TitleView.swift in Sources */ = {isa = PBXBuildFile; fileRef = 897E4D4C299BDD5F00BEA768 /* TitleView.swift */; };
		897E4D4F299BDDE800BEA768 /* ProductModel.swift in Sources */ = {isa = PBXBuildFile; fileRef = 897E4D4E299BDDE800BEA768 /* ProductModel.swift */; };
		897E4D51299BDE4400BEA768 /* ProductItemView.swift in Sources */ = {isa = PBXBuildFile; fileRef = 897E4D50299BDE4400BEA768 /* ProductItemView.swift */; };
		897E4D53299BEDF600BEA768 /* BrandModel.swift in Sources */ = {isa = PBXBuildFile; fileRef = 897E4D52299BEDF600BEA768 /* BrandModel.swift */; };
		897E4D55299BEE4000BEA768 /* BrandItemView.swift in Sources */ = {isa = PBXBuildFile; fileRef = 897E4D54299BEE4000BEA768 /* BrandItemView.swift */; };
		897E4D57299BEF6700BEA768 /* BrandGridView.swift in Sources */ = {isa = PBXBuildFile; fileRef = 897E4D56299BEF6700BEA768 /* BrandGridView.swift */; };
		897E4D59299BF03C00BEA768 /* ProductGridView.swift in Sources */ = {isa = PBXBuildFile; fileRef = 897E4D58299BF03C00BEA768 /* ProductGridView.swift */; };
		897E4D5B299C0A4B00BEA768 /* ProductDetailView.swift in Sources */ = {isa = PBXBuildFile; fileRef = 897E4D5A299C0A4B00BEA768 /* ProductDetailView.swift */; };
		897E4D5D299C0B5500BEA768 /* NavigationBarDetailView.swift in Sources */ = {isa = PBXBuildFile; fileRef = 897E4D5C299C0B5500BEA768 /* NavigationBarDetailView.swift */; };
		897E4D5F299C0C3F00BEA768 /* HeaderDetailView.swift in Sources */ = {isa = PBXBuildFile; fileRef = 897E4D5E299C0C3F00BEA768 /* HeaderDetailView.swift */; };
		897E4D61299C0CD900BEA768 /* TopPartDetailView.swift in Sources */ = {isa = PBXBuildFile; fileRef = 897E4D60299C0CD900BEA768 /* TopPartDetailView.swift */; };
		897E4D63299C0F2300BEA768 /* CustomShape.swift in Sources */ = {isa = PBXBuildFile; fileRef = 897E4D62299C0F2300BEA768 /* CustomShape.swift */; };
		897E4D65299C176E00BEA768 /* RatingSizesDetailView.swift in Sources */ = {isa = PBXBuildFile; fileRef = 897E4D64299C176E00BEA768 /* RatingSizesDetailView.swift */; };
		897E4D67299C1B3200BEA768 /* QuantityFavouriteDetailView.swift in Sources */ = {isa = PBXBuildFile; fileRef = 897E4D66299C1B3200BEA768 /* QuantityFavouriteDetailView.swift */; };
		897E4D69299C1CB800BEA768 /* AddToCartDetailView.swift in Sources */ = {isa = PBXBuildFile; fileRef = 897E4D68299C1CB800BEA768 /* AddToCartDetailView.swift */; };
		897E4D6B299C1DE700BEA768 /* Shop.swift in Sources */ = {isa = PBXBuildFile; fileRef = 897E4D6A299C1DE700BEA768 /* Shop.swift */; };
/* End PBXBuildFile section */

/* Begin PBXFileReference section */
		897E4D12299BC31100BEA768 /* Touchdown.app */ = {isa = PBXFileReference; explicitFileType = wrapper.application; includeInIndex = 0; path = Touchdown.app; sourceTree = BUILT_PRODUCTS_DIR; };
		897E4D15299BC31100BEA768 /* TouchdownApp.swift */ = {isa = PBXFileReference; lastKnownFileType = sourcecode.swift; path = TouchdownApp.swift; sourceTree = "<group>"; };
		897E4D17299BC31100BEA768 /* ContentView.swift */ = {isa = PBXFileReference; lastKnownFileType = sourcecode.swift; path = ContentView.swift; sourceTree = "<group>"; };
		897E4D19299BC31200BEA768 /* Assets.xcassets */ = {isa = PBXFileReference; lastKnownFileType = folder.assetcatalog; path = Assets.xcassets; sourceTree = "<group>"; };
		897E4D1C299BC31200BEA768 /* Preview Assets.xcassets */ = {isa = PBXFileReference; lastKnownFileType = folder.assetcatalog; path = "Preview Assets.xcassets"; sourceTree = "<group>"; };
		897E4D23299BC4BD00BEA768 /* player.json */ = {isa = PBXFileReference; fileEncoding = 4; lastKnownFileType = text.json; path = player.json; sourceTree = "<group>"; };
		897E4D24299BC4BD00BEA768 /* product.json */ = {isa = PBXFileReference; fileEncoding = 4; lastKnownFileType = text.json; path = product.json; sourceTree = "<group>"; };
		897E4D25299BC4BD00BEA768 /* brand.json */ = {isa = PBXFileReference; fileEncoding = 4; lastKnownFileType = text.json; path = brand.json; sourceTree = "<group>"; };
		897E4D26299BC4BD00BEA768 /* category.json */ = {isa = PBXFileReference; fileEncoding = 4; lastKnownFileType = text.json; path = category.json; sourceTree = "<group>"; };
		897E4D2C299BC50A00BEA768 /* Info.plist */ = {isa = PBXFileReference; lastKnownFileType = text.plist; path = Info.plist; sourceTree = "<group>"; };
		897E4D34299BC5F400BEA768 /* Constant.swift */ = {isa = PBXFileReference; lastKnownFileType = sourcecode.swift; path = Constant.swift; sourceTree = "<group>"; };
		897E4D36299BC66E00BEA768 /* FooterView.swift */ = {isa = PBXFileReference; lastKnownFileType = sourcecode.swift; path = FooterView.swift; sourceTree = "<group>"; };
		897E4D38299BC82E00BEA768 /* NavigationBarView.swift */ = {isa = PBXFileReference; lastKnownFileType = sourcecode.swift; path = NavigationBarView.swift; sourceTree = "<group>"; };
		897E4D3A299BC96D00BEA768 /* LogoView.swift */ = {isa = PBXFileReference; lastKnownFileType = sourcecode.swift; path = LogoView.swift; sourceTree = "<group>"; };
		897E4D3C299BCEE800BEA768 /* PlayerModel.swift */ = {isa = PBXFileReference; lastKnownFileType = sourcecode.swift; path = PlayerModel.swift; sourceTree = "<group>"; };
		897E4D3E299BCF7300BEA768 /* CodableBundleExtension.swift */ = {isa = PBXFileReference; lastKnownFileType = sourcecode.swift; path = CodableBundleExtension.swift; sourceTree = "<group>"; };
		897E4D40299BD07700BEA768 /* FeaturedItemView.swift */ = {isa = PBXFileReference; lastKnownFileType = sourcecode.swift; path = FeaturedItemView.swift; sourceTree = "<group>"; };
		897E4D42299BD0EA00BEA768 /* FeaturedTabView.swift */ = {isa = PBXFileReference; lastKnownFileType = sourcecode.swift; path = FeaturedTabView.swift; sourceTree = "<group>"; };
		897E4D44299BD63900BEA768 /* CategoryModel.swift */ = {isa = PBXFileReference; lastKnownFileType = sourcecode.swift; path = CategoryModel.swift; sourceTree = "<group>"; };
		897E4D46299BD6FB00BEA768 /* CategoryItemView.swift */ = {isa = PBXFileReference; lastKnownFileType = sourcecode.swift; path = CategoryItemView.swift; sourceTree = "<group>"; };
		897E4D48299BD84100BEA768 /* CategoryGridView.swift */ = {isa = PBXFileReference; lastKnownFileType = sourcecode.swift; path = CategoryGridView.swift; sourceTree = "<group>"; };
		897E4D4A299BD93B00BEA768 /* SectionView.swift */ = {isa = PBXFileReference; lastKnownFileType = sourcecode.swift; path = SectionView.swift; sourceTree = "<group>"; };
		897E4D4C299BDD5F00BEA768 /* TitleView.swift */ = {isa = PBXFileReference; lastKnownFileType = sourcecode.swift; path = TitleView.swift; sourceTree = "<group>"; };
		897E4D4E299BDDE800BEA768 /* ProductModel.swift */ = {isa = PBXFileReference; lastKnownFileType = sourcecode.swift; path = ProductModel.swift; sourceTree = "<group>"; };
		897E4D50299BDE4400BEA768 /* ProductItemView.swift */ = {isa = PBXFileReference; lastKnownFileType = sourcecode.swift; path = ProductItemView.swift; sourceTree = "<group>"; };
		897E4D52299BEDF600BEA768 /* BrandModel.swift */ = {isa = PBXFileReference; lastKnownFileType = sourcecode.swift; path = BrandModel.swift; sourceTree = "<group>"; };
		897E4D54299BEE4000BEA768 /* BrandItemView.swift */ = {isa = PBXFileReference; lastKnownFileType = sourcecode.swift; path = BrandItemView.swift; sourceTree = "<group>"; };
		897E4D56299BEF6700BEA768 /* BrandGridView.swift */ = {isa = PBXFileReference; lastKnownFileType = sourcecode.swift; path = BrandGridView.swift; sourceTree = "<group>"; };
		897E4D58299BF03C00BEA768 /* ProductGridView.swift */ = {isa = PBXFileReference; lastKnownFileType = sourcecode.swift; path = ProductGridView.swift; sourceTree = "<group>"; };
		897E4D5A299C0A4B00BEA768 /* ProductDetailView.swift */ = {isa = PBXFileReference; lastKnownFileType = sourcecode.swift; path = ProductDetailView.swift; sourceTree = "<group>"; };
		897E4D5C299C0B5500BEA768 /* NavigationBarDetailView.swift */ = {isa = PBXFileReference; lastKnownFileType = sourcecode.swift; path = NavigationBarDetailView.swift; sourceTree = "<group>"; };
		897E4D5E299C0C3F00BEA768 /* HeaderDetailView.swift */ = {isa = PBXFileReference; lastKnownFileType = sourcecode.swift; path = HeaderDetailView.swift; sourceTree = "<group>"; };
		897E4D60299C0CD900BEA768 /* TopPartDetailView.swift */ = {isa = PBXFileReference; lastKnownFileType = sourcecode.swift; path = TopPartDetailView.swift; sourceTree = "<group>"; };
		897E4D62299C0F2300BEA768 /* CustomShape.swift */ = {isa = PBXFileReference; lastKnownFileType = sourcecode.swift; path = CustomShape.swift; sourceTree = "<group>"; };
		897E4D64299C176E00BEA768 /* RatingSizesDetailView.swift */ = {isa = PBXFileReference; lastKnownFileType = sourcecode.swift; path = RatingSizesDetailView.swift; sourceTree = "<group>"; };
		897E4D66299C1B3200BEA768 /* QuantityFavouriteDetailView.swift */ = {isa = PBXFileReference; lastKnownFileType = sourcecode.swift; path = QuantityFavouriteDetailView.swift; sourceTree = "<group>"; };
		897E4D68299C1CB800BEA768 /* AddToCartDetailView.swift */ = {isa = PBXFileReference; lastKnownFileType = sourcecode.swift; path = AddToCartDetailView.swift; sourceTree = "<group>"; };
		897E4D6A299C1DE700BEA768 /* Shop.swift */ = {isa = PBXFileReference; lastKnownFileType = sourcecode.swift; path = Shop.swift; sourceTree = "<group>"; };
/* End PBXFileReference section */

/* Begin PBXFrameworksBuildPhase section */
		897E4D0F299BC31100BEA768 /* Frameworks */ = {
			isa = PBXFrameworksBuildPhase;
			buildActionMask = 2147483647;
			files = (
			);
			runOnlyForDeploymentPostprocessing = 0;
		};
/* End PBXFrameworksBuildPhase section */

/* Begin PBXGroup section */
		897E4D09299BC31100BEA768 = {
			isa = PBXGroup;
			children = (
				897E4D14299BC31100BEA768 /* Touchdown */,
				897E4D13299BC31100BEA768 /* Products */,
			);
			sourceTree = "<group>";
		};
		897E4D13299BC31100BEA768 /* Products */ = {
			isa = PBXGroup;
			children = (
				897E4D12299BC31100BEA768 /* Touchdown.app */,
			);
			name = Products;
			sourceTree = "<group>";
		};
		897E4D14299BC31100BEA768 /* Touchdown */ = {
			isa = PBXGroup;
			children = (
				897E4D2D299BC59700BEA768 /* App */,
				897E4D19299BC31200BEA768 /* Assets.xcassets */,
				897E4D2B299BC4D000BEA768 /* Data */,
				897E4D32299BC5B800BEA768 /* Extension */,
				897E4D2C299BC50A00BEA768 /* Info.plist */,
				897E4D31299BC5B100BEA768 /* Model */,
				897E4D1B299BC31200BEA768 /* Preview Content */,
				897E4D33299BC5C000BEA768 /* Utility */,
				897E4D2E299BC5A100BEA768 /* View */,
			);
			path = Touchdown;
			sourceTree = "<group>";
		};
		897E4D1B299BC31200BEA768 /* Preview Content */ = {
			isa = PBXGroup;
			children = (
				897E4D1C299BC31200BEA768 /* Preview Assets.xcassets */,
			);
			path = "Preview Content";
			sourceTree = "<group>";
		};
		897E4D2B299BC4D000BEA768 /* Data */ = {
			isa = PBXGroup;
			children = (
				897E4D25299BC4BD00BEA768 /* brand.json */,
				897E4D26299BC4BD00BEA768 /* category.json */,
				897E4D23299BC4BD00BEA768 /* player.json */,
				897E4D24299BC4BD00BEA768 /* product.json */,
			);
			path = Data;
			sourceTree = "<group>";
		};
		897E4D2D299BC59700BEA768 /* App */ = {
			isa = PBXGroup;
			children = (
				897E4D17299BC31100BEA768 /* ContentView.swift */,
				897E4D5A299C0A4B00BEA768 /* ProductDetailView.swift */,
				897E4D15299BC31100BEA768 /* TouchdownApp.swift */,
			);
			path = App;
			sourceTree = "<group>";
		};
		897E4D2E299BC5A100BEA768 /* View */ = {
			isa = PBXGroup;
			children = (
				897E4D30299BC5AC00BEA768 /* Detail */,
				897E4D2F299BC5A700BEA768 /* Home */,
			);
			path = View;
			sourceTree = "<group>";
		};
		897E4D2F299BC5A700BEA768 /* Home */ = {
			isa = PBXGroup;
			children = (
				897E4D56299BEF6700BEA768 /* BrandGridView.swift */,
				897E4D54299BEE4000BEA768 /* BrandItemView.swift */,
				897E4D48299BD84100BEA768 /* CategoryGridView.swift */,
				897E4D46299BD6FB00BEA768 /* CategoryItemView.swift */,
				897E4D40299BD07700BEA768 /* FeaturedItemView.swift */,
				897E4D42299BD0EA00BEA768 /* FeaturedTabView.swift */,
				897E4D36299BC66E00BEA768 /* FooterView.swift */,
				897E4D3A299BC96D00BEA768 /* LogoView.swift */,
				897E4D38299BC82E00BEA768 /* NavigationBarView.swift */,
				897E4D58299BF03C00BEA768 /* ProductGridView.swift */,
				897E4D50299BDE4400BEA768 /* ProductItemView.swift */,
				897E4D4A299BD93B00BEA768 /* SectionView.swift */,
				897E4D4C299BDD5F00BEA768 /* TitleView.swift */,
			);
			path = Home;
			sourceTree = "<group>";
		};
		897E4D30299BC5AC00BEA768 /* Detail */ = {
			isa = PBXGroup;
			children = (
				897E4D68299C1CB800BEA768 /* AddToCartDetailView.swift */,
				897E4D5E299C0C3F00BEA768 /* HeaderDetailView.swift */,
				897E4D5C299C0B5500BEA768 /* NavigationBarDetailView.swift */,
				897E4D66299C1B3200BEA768 /* QuantityFavouriteDetailView.swift */,
				897E4D64299C176E00BEA768 /* RatingSizesDetailView.swift */,
				897E4D60299C0CD900BEA768 /* TopPartDetailView.swift */,
			);
			path = Detail;
			sourceTree = "<group>";
		};
		897E4D31299BC5B100BEA768 /* Model */ = {
			isa = PBXGroup;
			children = (
				897E4D3C299BCEE800BEA768 /* PlayerModel.swift */,
				897E4D44299BD63900BEA768 /* CategoryModel.swift */,
				897E4D4E299BDDE800BEA768 /* ProductModel.swift */,
				897E4D52299BEDF600BEA768 /* BrandModel.swift */,
			);
			path = Model;
			sourceTree = "<group>";
		};
		897E4D32299BC5B800BEA768 /* Extension */ = {
			isa = PBXGroup;
			children = (
				897E4D3E299BCF7300BEA768 /* CodableBundleExtension.swift */,
			);
			path = Extension;
			sourceTree = "<group>";
		};
		897E4D33299BC5C000BEA768 /* Utility */ = {
			isa = PBXGroup;
			children = (
				897E4D34299BC5F400BEA768 /* Constant.swift */,
				897E4D62299C0F2300BEA768 /* CustomShape.swift */,
				897E4D6A299C1DE700BEA768 /* Shop.swift */,
			);
			path = Utility;
			sourceTree = "<group>";
		};
/* End PBXGroup section */

/* Begin PBXNativeTarget section */
		897E4D11299BC31100BEA768 /* Touchdown */ = {
			isa = PBXNativeTarget;
			buildConfigurationList = 897E4D20299BC31200BEA768 /* Build configuration list for PBXNativeTarget "Touchdown" */;
			buildPhases = (
				897E4D0E299BC31100BEA768 /* Sources */,
				897E4D0F299BC31100BEA768 /* Frameworks */,
				897E4D10299BC31100BEA768 /* Resources */,
			);
			buildRules = (
			);
			dependencies = (
			);
			name = Touchdown;
			productName = Touchdown;
			productReference = 897E4D12299BC31100BEA768 /* Touchdown.app */;
			productType = "com.apple.product-type.application";
		};
/* End PBXNativeTarget section */

/* Begin PBXProject section */
		897E4D0A299BC31100BEA768 /* Project object */ = {
			isa = PBXProject;
			attributes = {
				BuildIndependentTargetsInParallel = 1;
				LastSwiftUpdateCheck = 1400;
				LastUpgradeCheck = 1400;
				TargetAttributes = {
					897E4D11299BC31100BEA768 = {
						CreatedOnToolsVersion = 14.0.1;
					};
				};
			};
			buildConfigurationList = 897E4D0D299BC31100BEA768 /* Build configuration list for PBXProject "Touchdown" */;
			compatibilityVersion = "Xcode 14.0";
			developmentRegion = en;
			hasScannedForEncodings = 0;
			knownRegions = (
				en,
				Base,
			);
			mainGroup = 897E4D09299BC31100BEA768;
			productRefGroup = 897E4D13299BC31100BEA768 /* Products */;
			projectDirPath = "";
			projectRoot = "";
			targets = (
				897E4D11299BC31100BEA768 /* Touchdown */,
			);
		};
/* End PBXProject section */

/* Begin PBXResourcesBuildPhase section */
		897E4D10299BC31100BEA768 /* Resources */ = {
			isa = PBXResourcesBuildPhase;
			buildActionMask = 2147483647;
			files = (
				897E4D27299BC4BD00BEA768 /* player.json in Resources */,
				897E4D29299BC4BD00BEA768 /* brand.json in Resources */,
				897E4D28299BC4BD00BEA768 /* product.json in Resources */,
				897E4D2A299BC4BD00BEA768 /* category.json in Resources */,
				897E4D1D299BC31200BEA768 /* Preview Assets.xcassets in Resources */,
				897E4D1A299BC31200BEA768 /* Assets.xcassets in Resources */,
			);
			runOnlyForDeploymentPostprocessing = 0;
		};
/* End PBXResourcesBuildPhase section */

/* Begin PBXSourcesBuildPhase section */
		897E4D0E299BC31100BEA768 /* Sources */ = {
			isa = PBXSourcesBuildPhase;
			buildActionMask = 2147483647;
			files = (
				897E4D3F299BCF7300BEA768 /* CodableBundleExtension.swift in Sources */,
				897E4D18299BC31100BEA768 /* ContentView.swift in Sources */,
				897E4D3B299BC96D00BEA768 /* LogoView.swift in Sources */,
				897E4D6B299C1DE700BEA768 /* Shop.swift in Sources */,
				897E4D37299BC66E00BEA768 /* FooterView.swift in Sources */,
				897E4D41299BD07700BEA768 /* FeaturedItemView.swift in Sources */,
				897E4D51299BDE4400BEA768 /* ProductItemView.swift in Sources */,
				897E4D67299C1B3200BEA768 /* QuantityFavouriteDetailView.swift in Sources */,
				897E4D57299BEF6700BEA768 /* BrandGridView.swift in Sources */,
				897E4D16299BC31100BEA768 /* TouchdownApp.swift in Sources */,
				897E4D5F299C0C3F00BEA768 /* HeaderDetailView.swift in Sources */,
				897E4D69299C1CB800BEA768 /* AddToCartDetailView.swift in Sources */,
				897E4D61299C0CD900BEA768 /* TopPartDetailView.swift in Sources */,
				897E4D35299BC5F400BEA768 /* Constant.swift in Sources */,
				897E4D49299BD84100BEA768 /* CategoryGridView.swift in Sources */,
				897E4D63299C0F2300BEA768 /* CustomShape.swift in Sources */,
				897E4D5D299C0B5500BEA768 /* NavigationBarDetailView.swift in Sources */,
				897E4D45299BD63900BEA768 /* CategoryModel.swift in Sources */,
				897E4D39299BC82E00BEA768 /* NavigationBarView.swift in Sources */,
				897E4D4B299BD93B00BEA768 /* SectionView.swift in Sources */,
				897E4D55299BEE4000BEA768 /* BrandItemView.swift in Sources */,
				897E4D65299C176E00BEA768 /* RatingSizesDetailView.swift in Sources */,
				897E4D47299BD6FB00BEA768 /* CategoryItemView.swift in Sources */,
				897E4D43299BD0EA00BEA768 /* FeaturedTabView.swift in Sources */,
				897E4D3D299BCEE800BEA768 /* PlayerModel.swift in Sources */,
				897E4D53299BEDF600BEA768 /* BrandModel.swift in Sources */,
				897E4D4D299BDD5F00BEA768 /* TitleView.swift in Sources */,
				897E4D5B299C0A4B00BEA768 /* ProductDetailView.swift in Sources */,
				897E4D59299BF03C00BEA768 /* ProductGridView.swift in Sources */,
				897E4D4F299BDDE800BEA768 /* ProductModel.swift in Sources */,
			);
			runOnlyForDeploymentPostprocessing = 0;
		};
/* End PBXSourcesBuildPhase section */

/* Begin XCBuildConfiguration section */
		897E4D1E299BC31200BEA768 /* Debug */ = {
			isa = XCBuildConfiguration;
			buildSettings = {
				ALWAYS_SEARCH_USER_PATHS = NO;
				CLANG_ANALYZER_NONNULL = YES;
				CLANG_ANALYZER_NUMBER_OBJECT_CONVERSION = YES_AGGRESSIVE;
				CLANG_CXX_LANGUAGE_STANDARD = "gnu++20";
				CLANG_ENABLE_MODULES = YES;
				CLANG_ENABLE_OBJC_ARC = YES;
				CLANG_ENABLE_OBJC_WEAK = YES;
				CLANG_WARN_BLOCK_CAPTURE_AUTORELEASING = YES;
				CLANG_WARN_BOOL_CONVERSION = YES;
				CLANG_WARN_COMMA = YES;
				CLANG_WARN_CONSTANT_CONVERSION = YES;
				CLANG_WARN_DEPRECATED_OBJC_IMPLEMENTATIONS = YES;
				CLANG_WARN_DIRECT_OBJC_ISA_USAGE = YES_ERROR;
				CLANG_WARN_DOCUMENTATION_COMMENTS = YES;
				CLANG_WARN_EMPTY_BODY = YES;
				CLANG_WARN_ENUM_CONVERSION = YES;
				CLANG_WARN_INFINITE_RECURSION = YES;
				CLANG_WARN_INT_CONVERSION = YES;
				CLANG_WARN_NON_LITERAL_NULL_CONVERSION = YES;
				CLANG_WARN_OBJC_IMPLICIT_RETAIN_SELF = YES;
				CLANG_WARN_OBJC_LITERAL_CONVERSION = YES;
				CLANG_WARN_OBJC_ROOT_CLASS = YES_ERROR;
				CLANG_WARN_QUOTED_INCLUDE_IN_FRAMEWORK_HEADER = YES;
				CLANG_WARN_RANGE_LOOP_ANALYSIS = YES;
				CLANG_WARN_STRICT_PROTOTYPES = YES;
				CLANG_WARN_SUSPICIOUS_MOVE = YES;
				CLANG_WARN_UNGUARDED_AVAILABILITY = YES_AGGRESSIVE;
				CLANG_WARN_UNREACHABLE_CODE = YES;
				CLANG_WARN__DUPLICATE_METHOD_MATCH = YES;
				COPY_PHASE_STRIP = NO;
				DEBUG_INFORMATION_FORMAT = dwarf;
				ENABLE_STRICT_OBJC_MSGSEND = YES;
				ENABLE_TESTABILITY = YES;
				GCC_C_LANGUAGE_STANDARD = gnu11;
				GCC_DYNAMIC_NO_PIC = NO;
				GCC_NO_COMMON_BLOCKS = YES;
				GCC_OPTIMIZATION_LEVEL = 0;
				GCC_PREPROCESSOR_DEFINITIONS = (
					"DEBUG=1",
					"$(inherited)",
				);
				GCC_WARN_64_TO_32_BIT_CONVERSION = YES;
				GCC_WARN_ABOUT_RETURN_TYPE = YES_ERROR;
				GCC_WARN_UNDECLARED_SELECTOR = YES;
				GCC_WARN_UNINITIALIZED_AUTOS = YES_AGGRESSIVE;
				GCC_WARN_UNUSED_FUNCTION = YES;
				GCC_WARN_UNUSED_VARIABLE = YES;
				IPHONEOS_DEPLOYMENT_TARGET = 16.0;
				MTL_ENABLE_DEBUG_INFO = INCLUDE_SOURCE;
				MTL_FAST_MATH = YES;
				ONLY_ACTIVE_ARCH = YES;
				SDKROOT = iphoneos;
				SWIFT_ACTIVE_COMPILATION_CONDITIONS = DEBUG;
				SWIFT_OPTIMIZATION_LEVEL = "-Onone";
			};
			name = Debug;
		};
		897E4D1F299BC31200BEA768 /* Release */ = {
			isa = XCBuildConfiguration;
			buildSettings = {
				ALWAYS_SEARCH_USER_PATHS = NO;
				CLANG_ANALYZER_NONNULL = YES;
				CLANG_ANALYZER_NUMBER_OBJECT_CONVERSION = YES_AGGRESSIVE;
				CLANG_CXX_LANGUAGE_STANDARD = "gnu++20";
				CLANG_ENABLE_MODULES = YES;
				CLANG_ENABLE_OBJC_ARC = YES;
				CLANG_ENABLE_OBJC_WEAK = YES;
				CLANG_WARN_BLOCK_CAPTURE_AUTORELEASING = YES;
				CLANG_WARN_BOOL_CONVERSION = YES;
				CLANG_WARN_COMMA = YES;
				CLANG_WARN_CONSTANT_CONVERSION = YES;
				CLANG_WARN_DEPRECATED_OBJC_IMPLEMENTATIONS = YES;
				CLANG_WARN_DIRECT_OBJC_ISA_USAGE = YES_ERROR;
				CLANG_WARN_DOCUMENTATION_COMMENTS = YES;
				CLANG_WARN_EMPTY_BODY = YES;
				CLANG_WARN_ENUM_CONVERSION = YES;
				CLANG_WARN_INFINITE_RECURSION = YES;
				CLANG_WARN_INT_CONVERSION = YES;
				CLANG_WARN_NON_LITERAL_NULL_CONVERSION = YES;
				CLANG_WARN_OBJC_IMPLICIT_RETAIN_SELF = YES;
				CLANG_WARN_OBJC_LITERAL_CONVERSION = YES;
				CLANG_WARN_OBJC_ROOT_CLASS = YES_ERROR;
				CLANG_WARN_QUOTED_INCLUDE_IN_FRAMEWORK_HEADER = YES;
				CLANG_WARN_RANGE_LOOP_ANALYSIS = YES;
				CLANG_WARN_STRICT_PROTOTYPES = YES;
				CLANG_WARN_SUSPICIOUS_MOVE = YES;
				CLANG_WARN_UNGUARDED_AVAILABILITY = YES_AGGRESSIVE;
				CLANG_WARN_UNREACHABLE_CODE = YES;
				CLANG_WARN__DUPLICATE_METHOD_MATCH = YES;
				COPY_PHASE_STRIP = NO;
				DEBUG_INFORMATION_FORMAT = "dwarf-with-dsym";
				ENABLE_NS_ASSERTIONS = NO;
				ENABLE_STRICT_OBJC_MSGSEND = YES;
				GCC_C_LANGUAGE_STANDARD = gnu11;
				GCC_NO_COMMON_BLOCKS = YES;
				GCC_WARN_64_TO_32_BIT_CONVERSION = YES;
				GCC_WARN_ABOUT_RETURN_TYPE = YES_ERROR;
				GCC_WARN_UNDECLARED_SELECTOR = YES;
				GCC_WARN_UNINITIALIZED_AUTOS = YES_AGGRESSIVE;
				GCC_WARN_UNUSED_FUNCTION = YES;
				GCC_WARN_UNUSED_VARIABLE = YES;
				IPHONEOS_DEPLOYMENT_TARGET = 16.0;
				MTL_ENABLE_DEBUG_INFO = NO;
				MTL_FAST_MATH = YES;
				SDKROOT = iphoneos;
				SWIFT_COMPILATION_MODE = wholemodule;
				SWIFT_OPTIMIZATION_LEVEL = "-O";
				VALIDATE_PRODUCT = YES;
			};
			name = Release;
		};
		897E4D21299BC31200BEA768 /* Debug */ = {
			isa = XCBuildConfiguration;
			buildSettings = {
				ASSETCATALOG_COMPILER_APPICON_NAME = AppIcon;
				ASSETCATALOG_COMPILER_GLOBAL_ACCENT_COLOR_NAME = AccentColor;
				CODE_SIGN_STYLE = Automatic;
				CURRENT_PROJECT_VERSION = 1;
				DEVELOPMENT_ASSET_PATHS = "\"Touchdown/Preview Content\"";
				ENABLE_PREVIEWS = YES;
				GENERATE_INFOPLIST_FILE = YES;
				INFOPLIST_FILE = Touchdown/Info.plist;
				INFOPLIST_KEY_CFBundleDisplayName = "";
				INFOPLIST_KEY_UIApplicationSceneManifest_Generation = YES;
				INFOPLIST_KEY_UIApplicationSupportsIndirectInputEvents = YES;
				INFOPLIST_KEY_UISupportedInterfaceOrientations = UIInterfaceOrientationPortrait;
				INFOPLIST_KEY_UIUserInterfaceStyle = Light;
				LD_RUNPATH_SEARCH_PATHS = (
					"$(inherited)",
					"@executable_path/Frameworks",
				);
				MARKETING_VERSION = 1.0;
				PRODUCT_BUNDLE_IDENTIFIER = carvalhofroesrafa.Touchdown;
				PRODUCT_NAME = "$(TARGET_NAME)";
				SWIFT_EMIT_LOC_STRINGS = YES;
				SWIFT_VERSION = 5.0;
				TARGETED_DEVICE_FAMILY = "1,2";
			};
			name = Debug;
		};
		897E4D22299BC31200BEA768 /* Release */ = {
			isa = XCBuildConfiguration;
			buildSettings = {
				ASSETCATALOG_COMPILER_APPICON_NAME = AppIcon;
				ASSETCATALOG_COMPILER_GLOBAL_ACCENT_COLOR_NAME = AccentColor;
				CODE_SIGN_STYLE = Automatic;
				CURRENT_PROJECT_VERSION = 1;
				DEVELOPMENT_ASSET_PATHS = "\"Touchdown/Preview Content\"";
				ENABLE_PREVIEWS = YES;
				GENERATE_INFOPLIST_FILE = YES;
				INFOPLIST_FILE = Touchdown/Info.plist;
				INFOPLIST_KEY_CFBundleDisplayName = "";
				INFOPLIST_KEY_UIApplicationSceneManifest_Generation = YES;
				INFOPLIST_KEY_UIApplicationSupportsIndirectInputEvents = YES;
				INFOPLIST_KEY_UISupportedInterfaceOrientations = UIInterfaceOrientationPortrait;
				INFOPLIST_KEY_UIUserInterfaceStyle = Light;
				LD_RUNPATH_SEARCH_PATHS = (
					"$(inherited)",
					"@executable_path/Frameworks",
				);
				MARKETING_VERSION = 1.0;
				PRODUCT_BUNDLE_IDENTIFIER = carvalhofroesrafa.Touchdown;
				PRODUCT_NAME = "$(TARGET_NAME)";
				SWIFT_EMIT_LOC_STRINGS = YES;
				SWIFT_VERSION = 5.0;
				TARGETED_DEVICE_FAMILY = "1,2";
			};
			name = Release;
		};
/* End XCBuildConfiguration section */

/* Begin XCConfigurationList section */
		897E4D0D299BC31100BEA768 /* Build configuration list for PBXProject "Touchdown" */ = {
			isa = XCConfigurationList;
			buildConfigurations = (
				897E4D1E299BC31200BEA768 /* Debug */,
				897E4D1F299BC31200BEA768 /* Release */,
			);
			defaultConfigurationIsVisible = 0;
			defaultConfigurationName = Release;
		};
		897E4D20299BC31200BEA768 /* Build configuration list for PBXNativeTarget "Touchdown" */ = {
			isa = XCConfigurationList;
			buildConfigurations = (
				897E4D21299BC31200BEA768 /* Debug */,
				897E4D22299BC31200BEA768 /* Release */,
			);
			defaultConfigurationIsVisible = 0;
			defaultConfigurationName = Release;
		};
/* End XCConfigurationList section */
	};
	rootObject = 897E4D0A299BC31100BEA768 /* Project object */;
}
